<?xml version="1.0" encoding="utf-8"?>
<Project ToolsVersion="4.0" xmlns="http://schemas.microsoft.com/developer/msbuild/2003">
  <ItemGroup>
    <Filter Include="Source Files">
      <UniqueIdentifier>{4FC737F1-C7A5-4376-A066-2A32D752A2FF}</UniqueIdentifier>
      <Extensions>cpp;c;cc;cxx;def;odl;idl;hpj;bat;asm;asmx</Extensions>
    </Filter>
    <Filter Include="Header Files">
      <UniqueIdentifier>{93995380-89BD-4b04-88EB-625FBE52EBFB}</UniqueIdentifier>
      <Extensions>h;hh;hpp;hxx;hm;inl;inc;xsd</Extensions>
    </Filter>
    <Filter Include="Resource Files">
      <UniqueIdentifier>{67DA6AB6-F800-4c08-8B7A-83BB121AAD01}</UniqueIdentifier>
      <Extensions>rc;ico;cur;bmp;dlg;rc2;rct;bin;rgs;gif;jpg;jpeg;jpe;resx;tiff;tif;png;wav;mfcribbon-ms</Extensions>
    </Filter>
    <Filter Include="Problem Instances">
      <UniqueIdentifier>{c39f0532-4329-4c6d-a22c-33f4db13c40e}</UniqueIdentifier>
    </Filter>
  </ItemGroup>
  <ItemGroup>
    <ClInclude Include="stdafx.h">
      <Filter>Header Files</Filter>
    </ClInclude>
    <ClInclude Include="targetver.h">
      <Filter>Header Files</Filter>
    </ClInclude>
    <ClInclude Include="SampleGraphs.h">
      <Filter>Header Files</Filter>
    </ClInclude>
    <ClInclude Include="StdUtils.h">
      <Filter>Header Files</Filter>
    </ClInclude>
  </ItemGroup>
  <ItemGroup>
    <ClCompile Include="stdafx.cpp">
      <Filter>Source Files</Filter>
    </ClCompile>
    <ClCompile Include="AdjacencyListTests.cpp">
      <Filter>Source Files</Filter>
    </ClCompile>
    <ClCompile Include="LexBFSTests.cpp">
      <Filter>Source Files</Filter>
    </ClCompile>
    <ClCompile Include="ConsListTests.cpp">
      <Filter>Source Files</Filter>
    </ClCompile>
    <ClCompile Include="MinimumFillInTests.cpp">
      <Filter>Source Files</Filter>
    </ClCompile>
    <ClCompile Include="KernelizerTest.cpp">
      <Filter>Source Files</Filter>
    </ClCompile>
    <ClCompile Include="MCSLexBFSComparison.cpp">
      <Filter>Source Files</Filter>
    </ClCompile>
    <ClCompile Include="GraphIOTests.cpp">
      <Filter>Source Files</Filter>
    </ClCompile>
    <ClCompile Include="SetFunctionsTests.cpp">
      <Filter>Source Files</Filter>
    </ClCompile>
  </ItemGroup>
  <ItemGroup>
    <None Include="test-instances\50.graph">
      <Filter>Problem Instances</Filter>
    </None>
    <None Include="test-instances\74.graph">
      <Filter>Problem Instances</Filter>
    </None>
    <None Include="test-instances\84.graph">
      <Filter>Problem Instances</Filter>
    </None>
    <None Include="test-instances\5.graph">
      <Filter>Problem Instances</Filter>
    </None>
    <None Include="test-instances\9.graph">
      <Filter>Problem Instances</Filter>
    </None>
    <None Include="test-instances\12.graph">
      <Filter>Problem Instances</Filter>
    </None>
    <None Include="test-instances\20.graph">
      <Filter>Problem Instances</Filter>
    </None>
    <None Include="test-instances\43.graph">
      <Filter>Problem Instances</Filter>
    </None>
  </ItemGroup>
</Project>